
Microsoft Visual Studio Solution File, Format Version 12.00
# Visual Studio 15
VisualStudioVersion = 15.0.28307.645
MinimumVisualStudioVersion = 10.0.40219.1
Project("{9A19103F-16F7-4668-BE54-9A1E7A4F7556}") = "hackaton-night-2019", "hackaton-night-2019\hackaton-night-2019.csproj", "{F1EA8CCC-94FA-4BBA-9768-A0395093CB0C}"
EndProject
Global
	GlobalSection(SolutionConfigurationPlatforms) = preSolution
		Debug|Any CPU = Debug|Any CPU
		Release|Any CPU = Release|Any CPU
	EndGlobalSection
	GlobalSection(ProjectConfigurationPlatforms) = postSolution
		{F1EA8CCC-94FA-4BBA-9768-A0395093CB0C}.Debug|Any CPU.ActiveCfg = Debug|Any CPU
		{F1EA8CCC-94FA-4BBA-9768-A0395093CB0C}.Debug|Any CPU.Build.0 = Debug|Any CPU
		{F1EA8CCC-94FA-4BBA-9768-A0395093CB0C}.Release|Any CPU.ActiveCfg = Release|Any CPU
		{F1EA8CCC-94FA-4BBA-9768-A0395093CB0C}.Release|Any CPU.Build.0 = Release|Any CPU
	EndGlobalSection
	GlobalSection(SolutionProperties) = preSolution
		HideSolutionNode = FALSE
	EndGlobalSection
	GlobalSection(ExtensibilityGlobals) = postSolution
		SolutionGuid = {DE64C3FE-D145-458A-AA83-DB69406C4619}
	EndGlobalSection
EndGlobal
